
Microsoft Visual Studio Solution File, Format Version 12.00
# Visual Studio Version 17
VisualStudioVersion = 17.13.35913.81
MinimumVisualStudioVersion = 10.0.40219.1
Project("{FAE04EC0-301F-11D3-BF4B-00C04F79EFBC}") = "ApiTest", "ApiTest\ApiTest.csproj", "{7B108136-C334-4542-ACB1-4CCB5F31F994}"
EndProject
Global
	GlobalSection(SolutionConfigurationPlatforms) = preSolution
		Debug|Any CPU = Debug|Any CPU
		Debug|x64 = Debug|x64
		Debug|x86 = Debug|x86
		Release|Any CPU = Release|Any CPU
		Release|x64 = Release|x64
		Release|x86 = Release|x86
	EndGlobalSection
	GlobalSection(ProjectConfigurationPlatforms) = postSolution
		{7B108136-C334-4542-ACB1-4CCB5F31F994}.Debug|Any CPU.ActiveCfg = Debug|Any CPU
		{7B108136-C334-4542-ACB1-4CCB5F31F994}.Debug|Any CPU.Build.0 = Debug|Any CPU
		{7B108136-C334-4542-ACB1-4CCB5F31F994}.Debug|x64.ActiveCfg = Debug|Any CPU
		{7B108136-C334-4542-ACB1-4CCB5F31F994}.Debug|x64.Build.0 = Debug|Any CPU
		{7B108136-C334-4542-ACB1-4CCB5F31F994}.Debug|x86.ActiveCfg = Debug|Any CPU
		{7B108136-C334-4542-ACB1-4CCB5F31F994}.Debug|x86.Build.0 = Debug|Any CPU
		{7B108136-C334-4542-ACB1-4CCB5F31F994}.Release|Any CPU.ActiveCfg = Release|Any CPU
		{7B108136-C334-4542-ACB1-4CCB5F31F994}.Release|Any CPU.Build.0 = Release|Any CPU
		{7B108136-C334-4542-ACB1-4CCB5F31F994}.Release|x64.ActiveCfg = Release|Any CPU
		{7B108136-C334-4542-ACB1-4CCB5F31F994}.Release|x64.Build.0 = Release|Any CPU
		{7B108136-C334-4542-ACB1-4CCB5F31F994}.Release|x86.ActiveCfg = Release|Any CPU
		{7B108136-C334-4542-ACB1-4CCB5F31F994}.Release|x86.Build.0 = Release|Any CPU
	EndGlobalSection
	GlobalSection(SolutionProperties) = preSolution
		HideSolutionNode = FALSE
	EndGlobalSection
	GlobalSection(ExtensibilityGlobals) = postSolution
		SolutionGuid = {43732FA7-845B-4A27-AFF6-8AFF7C9A5981}
	EndGlobalSection
EndGlobal
